
Microsoft Visual Studio Solution File, Format Version 12.00
# Visual Studio Version 17
VisualStudioVersion = 17.5.33424.131
MinimumVisualStudioVersion = 10.0.40219.1
Project("{FAE04EC0-301F-11D3-BF4B-00C04F79EFBC}") = "company-service", "company-service.csproj", "{7058EB5A-1D7B-4BA0-922D-634585FD3986}"
EndProject
Global
	GlobalSection(SolutionConfigurationPlatforms) = preSolution
		Debug|Any CPU = Debug|Any CPU
		Release|Any CPU = Release|Any CPU
	EndGlobalSection
	GlobalSection(ProjectConfigurationPlatforms) = postSolution
		{7058EB5A-1D7B-4BA0-922D-634585FD3986}.Debug|Any CPU.ActiveCfg = Debug|Any CPU
		{7058EB5A-1D7B-4BA0-922D-634585FD3986}.Debug|Any CPU.Build.0 = Debug|Any CPU
		{7058EB5A-1D7B-4BA0-922D-634585FD3986}.Release|Any CPU.ActiveCfg = Release|Any CPU
		{7058EB5A-1D7B-4BA0-922D-634585FD3986}.Release|Any CPU.Build.0 = Release|Any CPU
	EndGlobalSection
	GlobalSection(SolutionProperties) = preSolution
		HideSolutionNode = FALSE
	EndGlobalSection
	GlobalSection(ExtensibilityGlobals) = postSolution
		SolutionGuid = {A22D6ACC-C327-4EFD-B415-EDFAEB7FDB8F}
	EndGlobalSection
EndGlobal
